
Microsoft Visual Studio Solution File, Format Version 12.00
# Visual Studio Version 17
VisualStudioVersion = 17.0.31919.166
MinimumVisualStudioVersion = 10.0.40219.1
Project("{FAE04EC0-301F-11D3-BF4B-00C04F79EFBC}") = "MvcMovie", "MvcMovie\MvcMovie.csproj", "{F85D1B25-AE35-4C18-A2E3-5084AADAC5C2}"
EndProject
Global
	GlobalSection(SolutionConfigurationPlatforms) = preSolution
		Debug|Any CPU = Debug|Any CPU
		Release|Any CPU = Release|Any CPU
	EndGlobalSection
	GlobalSection(ProjectConfigurationPlatforms) = postSolution
		{F85D1B25-AE35-4C18-A2E3-5084AADAC5C2}.Debug|Any CPU.ActiveCfg = Debug|Any CPU
		{F85D1B25-AE35-4C18-A2E3-5084AADAC5C2}.Debug|Any CPU.Build.0 = Debug|Any CPU
		{F85D1B25-AE35-4C18-A2E3-5084AADAC5C2}.Release|Any CPU.ActiveCfg = Release|Any CPU
		{F85D1B25-AE35-4C18-A2E3-5084AADAC5C2}.Release|Any CPU.Build.0 = Release|Any CPU
	EndGlobalSection
	GlobalSection(SolutionProperties) = preSolution
		HideSolutionNode = FALSE
	EndGlobalSection
	GlobalSection(ExtensibilityGlobals) = postSolution
		SolutionGuid = {BB5AEB5A-9FDC-445A-9604-E313C4C118A7}
	EndGlobalSection
EndGlobal
